
Microsoft Visual Studio Solution File, Format Version 12.00
Project("{FAE04EC0-301F-11D3-BF4B-00C04F79EFBC}") = "SamuraiApp", "SamuraiApp\SamuraiApp.csproj", "{912F158F-6DCE-406D-913C-3F57050A9711}"
EndProject
Project("{FAE04EC0-301F-11D3-BF4B-00C04F79EFBC}") = "SamuraiApp.Domain", "SamuraiApp.Domain\SamuraiApp.Domain.csproj", "{61C03424-CF4D-45E1-8488-BA95A7FA84C4}"
EndProject
Project("{2150E333-8FDC-42A3-9474-1A3956D46DE8}") = "Domain", "Domain", "{77B32484-45A7-4177-84EF-C152C9D5C29A}"
EndProject
Project("{2150E333-8FDC-42A3-9474-1A3956D46DE8}") = "Infrastructure", "Infrastructure", "{0F9652DE-83C9-403C-B2B2-4475BA2B1D66}"
EndProject
Project("{2150E333-8FDC-42A3-9474-1A3956D46DE8}") = "Application", "Application", "{0BB2B268-8957-4E61-8DEC-DC3BED260E8E}"
EndProject
Project("{FAE04EC0-301F-11D3-BF4B-00C04F79EFBC}") = "SamuraiApp.Application", "SamuraiApp.Application\SamuraiApp.Application.csproj", "{04D0359E-06ED-482A-8306-8CEFEC8BAD04}"
EndProject
Project("{FAE04EC0-301F-11D3-BF4B-00C04F79EFBC}") = "SamuraiApp.Infrastructure", "SamuraiApp.Infrastructure\SamuraiApp.Infrastructure.csproj", "{CDBD5394-739F-4923-B6DF-E86FFD42C092}"
EndProject
Project("{2150E333-8FDC-42A3-9474-1A3956D46DE8}") = "WebUI", "WebUI", "{BC6B8BCF-3685-49DB-91AC-5343BB29FDD3}"
EndProject
Project("{FAE04EC0-301F-11D3-BF4B-00C04F79EFBC}") = "SamuraiApp.API", "SamuraiApp.API\SamuraiApp.API.csproj", "{1F2CD914-5393-4E71-8533-FEE1A648663F}"
EndProject
Global
	GlobalSection(SolutionConfigurationPlatforms) = preSolution
		Debug|Any CPU = Debug|Any CPU
		Release|Any CPU = Release|Any CPU
	EndGlobalSection
	GlobalSection(ProjectConfigurationPlatforms) = postSolution
		{912F158F-6DCE-406D-913C-3F57050A9711}.Debug|Any CPU.ActiveCfg = Debug|Any CPU
		{912F158F-6DCE-406D-913C-3F57050A9711}.Debug|Any CPU.Build.0 = Debug|Any CPU
		{912F158F-6DCE-406D-913C-3F57050A9711}.Release|Any CPU.ActiveCfg = Release|Any CPU
		{912F158F-6DCE-406D-913C-3F57050A9711}.Release|Any CPU.Build.0 = Release|Any CPU
		{61C03424-CF4D-45E1-8488-BA95A7FA84C4}.Debug|Any CPU.ActiveCfg = Debug|Any CPU
		{61C03424-CF4D-45E1-8488-BA95A7FA84C4}.Debug|Any CPU.Build.0 = Debug|Any CPU
		{61C03424-CF4D-45E1-8488-BA95A7FA84C4}.Release|Any CPU.ActiveCfg = Release|Any CPU
		{61C03424-CF4D-45E1-8488-BA95A7FA84C4}.Release|Any CPU.Build.0 = Release|Any CPU
		{04D0359E-06ED-482A-8306-8CEFEC8BAD04}.Debug|Any CPU.ActiveCfg = Debug|Any CPU
		{04D0359E-06ED-482A-8306-8CEFEC8BAD04}.Debug|Any CPU.Build.0 = Debug|Any CPU
		{04D0359E-06ED-482A-8306-8CEFEC8BAD04}.Release|Any CPU.ActiveCfg = Release|Any CPU
		{04D0359E-06ED-482A-8306-8CEFEC8BAD04}.Release|Any CPU.Build.0 = Release|Any CPU
		{CDBD5394-739F-4923-B6DF-E86FFD42C092}.Debug|Any CPU.ActiveCfg = Debug|Any CPU
		{CDBD5394-739F-4923-B6DF-E86FFD42C092}.Debug|Any CPU.Build.0 = Debug|Any CPU
		{CDBD5394-739F-4923-B6DF-E86FFD42C092}.Release|Any CPU.ActiveCfg = Release|Any CPU
		{CDBD5394-739F-4923-B6DF-E86FFD42C092}.Release|Any CPU.Build.0 = Release|Any CPU
		{1F2CD914-5393-4E71-8533-FEE1A648663F}.Debug|Any CPU.ActiveCfg = Debug|Any CPU
		{1F2CD914-5393-4E71-8533-FEE1A648663F}.Debug|Any CPU.Build.0 = Debug|Any CPU
		{1F2CD914-5393-4E71-8533-FEE1A648663F}.Release|Any CPU.ActiveCfg = Release|Any CPU
		{1F2CD914-5393-4E71-8533-FEE1A648663F}.Release|Any CPU.Build.0 = Release|Any CPU
	EndGlobalSection
	GlobalSection(NestedProjects) = preSolution
		{61C03424-CF4D-45E1-8488-BA95A7FA84C4} = {77B32484-45A7-4177-84EF-C152C9D5C29A}
		{04D0359E-06ED-482A-8306-8CEFEC8BAD04} = {0BB2B268-8957-4E61-8DEC-DC3BED260E8E}
		{CDBD5394-739F-4923-B6DF-E86FFD42C092} = {0F9652DE-83C9-403C-B2B2-4475BA2B1D66}
		{1F2CD914-5393-4E71-8533-FEE1A648663F} = {BC6B8BCF-3685-49DB-91AC-5343BB29FDD3}
	EndGlobalSection
EndGlobal
